
Microsoft Visual Studio Solution File, Format Version 12.00
# Visual Studio Version 16
VisualStudioVersion = 16.0.29806.167
MinimumVisualStudioVersion = 10.0.40219.1
Project("{F184B08F-C81C-45F6-A57F-5ABD9991F28F}") = "Tourn", "Tourn\Tourn.vbproj", "{53C013B3-BCD1-4BC6-B06E-9D10C8A41589}"
EndProject
Project("{FAE04EC0-301F-11D3-BF4B-00C04F79EFBC}") = "Rating", "Rating\Rating.csproj", "{65EB1016-ECB5-4DF8-8192-FFCDFABA361D}"
EndProject
Project("{FAE04EC0-301F-11D3-BF4B-00C04F79EFBC}") = "RatingCalc", "RatingCalc\RatingCalc.csproj", "{3A2DED1D-CC46-4B53-9560-5D9CE556B591}"
EndProject
Project("{FAE04EC0-301F-11D3-BF4B-00C04F79EFBC}") = "BrowseByRating", "BrowseByRating\BrowseByRating.csproj", "{F18E3416-1465-4DA3-84C0-E17648FDDA86}"
EndProject
Project("{FAE04EC0-301F-11D3-BF4B-00C04F79EFBC}") = "GetRandom", "GetRandom\GetRandom.csproj", "{7C02240C-44D6-4A2A-AD5C-FFF0DADEC50B}"
EndProject
Project("{FAE04EC0-301F-11D3-BF4B-00C04F79EFBC}") = "DL", "DL\DL.csproj", "{5E8ED3B0-952B-421E-AB94-C5C3398B73F0}"
EndProject
Project("{FAE04EC0-301F-11D3-BF4B-00C04F79EFBC}") = "JJDL", "JJDL\JJDL.csproj", "{75436F3F-8EC5-4958-8A08-7E0E6D3042EF}"
EndProject
Project("{FAE04EC0-301F-11D3-BF4B-00C04F79EFBC}") = "Org+", "Org+\Org+.csproj", "{E85A2F13-36F5-44C2-8119-21537A58F0E8}"
EndProject
Project("{FAE04EC0-301F-11D3-BF4B-00C04F79EFBC}") = "DrawaD", "DrawaD\DrawaD.csproj", "{72F6C6F9-5CD3-4EA4-8AE0-998E865EF288}"
EndProject
Project("{FAE04EC0-301F-11D3-BF4B-00C04F79EFBC}") = "WebApplication1", "WebApplication1\WebApplication1.csproj", "{A896F5A8-E16F-431B-9CB2-92A5F3044ABF}"
EndProject
Project("{FAE04EC0-301F-11D3-BF4B-00C04F79EFBC}") = "Reference", "Reference\Reference.csproj", "{2ECA8624-7FC0-45F7-B336-A7A33F5C587A}"
EndProject
Project("{FAE04EC0-301F-11D3-BF4B-00C04F79EFBC}") = "Orgx4", "Orgx4\Orgx4.csproj", "{0FA5785F-E27E-44F6-867C-4647AC126B98}"
EndProject
Project("{FAE04EC0-301F-11D3-BF4B-00C04F79EFBC}") = "WIGC", "WIGC\WIGC.csproj", "{2D0E0A68-D952-4E07-B9A7-08992A47C5A4}"
EndProject
Project("{FAE04EC0-301F-11D3-BF4B-00C04F79EFBC}") = "GetRandomFromFile", "GetRandomFromFile\GetRandomFromFile.csproj", "{BBCE2A80-C6FA-4DC7-8067-D4F8BD834C01}"
EndProject
Project("{FAE04EC0-301F-11D3-BF4B-00C04F79EFBC}") = "GetRandomImage", "GetRandomImage\GetRandomImage.csproj", "{B707E7EC-D709-4CA3-92F0-F6ACF7E63CA6}"
EndProject
Project("{FAE04EC0-301F-11D3-BF4B-00C04F79EFBC}") = "Org", "Org\Org.csproj", "{248B5918-7CF6-4AD4-BDAE-E932B1243914}"
EndProject
Project("{FAE04EC0-301F-11D3-BF4B-00C04F79EFBC}") = "MyExtensions", "MyExtensions\MyExtensions.csproj", "{457428EF-9941-4593-B3CE-F2E574878DC1}"
EndProject
Project("{9A19103F-16F7-4668-BE54-9A1E7A4F7556}") = "OrgNetwork", "OrgSocket\OrgNetwork.csproj", "{867C2A3A-75E4-4B35-9852-BEDCDC5719DB}"
EndProject
Project("{FAE04EC0-301F-11D3-BF4B-00C04F79EFBC}") = "Open.P2P", "Open.P2P\Open.P2P.csproj", "{4F5330BB-6BE3-48A2-903D-A492BE05B2AB}"
EndProject
Project("{8BC9CEB8-8B4A-11D0-8D11-00A0C91BC942}") = "TestCPP", "TestCPP\TestCPP.vcxproj", "{2B9DC17C-B3C4-479E-A9C3-EE3F494D6539}"
EndProject
Project("{FAE04EC0-301F-11D3-BF4B-00C04F79EFBC}") = "UpdateShortcut", "UpdateShortcut\UpdateShortcut.csproj", "{BC28C6DB-891C-4CB6-91B6-288D23F214BB}"
EndProject
Project("{9A19103F-16F7-4668-BE54-9A1E7A4F7556}") = "GrabberDB", "GrabberDB\GrabberDB.csproj", "{2A16DC33-9F10-49BF-8A17-027A01CF6A64}"
EndProject
Project("{9A19103F-16F7-4668-BE54-9A1E7A4F7556}") = "TagCounter", "TagCounter\TagCounter.csproj", "{09E8923F-CF00-4C65-A315-E8D5EBD57312}"
EndProject
Project("{9A19103F-16F7-4668-BE54-9A1E7A4F7556}") = "CopyRandomFile", "CopyRandomFile\CopyRandomFile.csproj", "{911F7C7B-6E44-49DD-A202-8C8815903F47}"
EndProject
Project("{FAE04EC0-301F-11D3-BF4B-00C04F79EFBC}") = "CreateShortcut", "CreateShortcut\CreateShortcut.csproj", "{3695CFD6-2A32-4B07-84B3-2BB4DAEB38D0}"
EndProject
Project("{FAE04EC0-301F-11D3-BF4B-00C04F79EFBC}") = "YAOrg", "YAOrg\YAOrg.csproj", "{D42E22AC-3A79-4E4D-9B82-D0FF88E5569D}"
EndProject
Global
	GlobalSection(SolutionConfigurationPlatforms) = preSolution
		Debug|Any CPU = Debug|Any CPU
		Debug|x64 = Debug|x64
		Debug|x86 = Debug|x86
		Release|Any CPU = Release|Any CPU
		Release|x64 = Release|x64
		Release|x86 = Release|x86
	EndGlobalSection
	GlobalSection(ProjectConfigurationPlatforms) = postSolution
		{53C013B3-BCD1-4BC6-B06E-9D10C8A41589}.Debug|Any CPU.ActiveCfg = Debug|Any CPU
		{53C013B3-BCD1-4BC6-B06E-9D10C8A41589}.Debug|Any CPU.Build.0 = Debug|Any CPU
		{53C013B3-BCD1-4BC6-B06E-9D10C8A41589}.Debug|x64.ActiveCfg = Debug|Any CPU
		{53C013B3-BCD1-4BC6-B06E-9D10C8A41589}.Debug|x64.Build.0 = Debug|Any CPU
		{53C013B3-BCD1-4BC6-B06E-9D10C8A41589}.Debug|x86.ActiveCfg = Debug|Any CPU
		{53C013B3-BCD1-4BC6-B06E-9D10C8A41589}.Debug|x86.Build.0 = Debug|Any CPU
		{53C013B3-BCD1-4BC6-B06E-9D10C8A41589}.Release|Any CPU.ActiveCfg = Release|Any CPU
		{53C013B3-BCD1-4BC6-B06E-9D10C8A41589}.Release|Any CPU.Build.0 = Release|Any CPU
		{53C013B3-BCD1-4BC6-B06E-9D10C8A41589}.Release|x64.ActiveCfg = Release|Any CPU
		{53C013B3-BCD1-4BC6-B06E-9D10C8A41589}.Release|x64.Build.0 = Release|Any CPU
		{53C013B3-BCD1-4BC6-B06E-9D10C8A41589}.Release|x86.ActiveCfg = Release|Any CPU
		{53C013B3-BCD1-4BC6-B06E-9D10C8A41589}.Release|x86.Build.0 = Release|Any CPU
		{65EB1016-ECB5-4DF8-8192-FFCDFABA361D}.Debug|Any CPU.ActiveCfg = Debug|Any CPU
		{65EB1016-ECB5-4DF8-8192-FFCDFABA361D}.Debug|Any CPU.Build.0 = Debug|Any CPU
		{65EB1016-ECB5-4DF8-8192-FFCDFABA361D}.Debug|x64.ActiveCfg = Debug|Any CPU
		{65EB1016-ECB5-4DF8-8192-FFCDFABA361D}.Debug|x64.Build.0 = Debug|Any CPU
		{65EB1016-ECB5-4DF8-8192-FFCDFABA361D}.Debug|x86.ActiveCfg = Debug|Any CPU
		{65EB1016-ECB5-4DF8-8192-FFCDFABA361D}.Debug|x86.Build.0 = Debug|Any CPU
		{65EB1016-ECB5-4DF8-8192-FFCDFABA361D}.Release|Any CPU.ActiveCfg = Release|Any CPU
		{65EB1016-ECB5-4DF8-8192-FFCDFABA361D}.Release|Any CPU.Build.0 = Release|Any CPU
		{65EB1016-ECB5-4DF8-8192-FFCDFABA361D}.Release|x64.ActiveCfg = Release|Any CPU
		{65EB1016-ECB5-4DF8-8192-FFCDFABA361D}.Release|x64.Build.0 = Release|Any CPU
		{65EB1016-ECB5-4DF8-8192-FFCDFABA361D}.Release|x86.ActiveCfg = Release|Any CPU
		{65EB1016-ECB5-4DF8-8192-FFCDFABA361D}.Release|x86.Build.0 = Release|Any CPU
		{3A2DED1D-CC46-4B53-9560-5D9CE556B591}.Debug|Any CPU.ActiveCfg = Debug|Any CPU
		{3A2DED1D-CC46-4B53-9560-5D9CE556B591}.Debug|Any CPU.Build.0 = Debug|Any CPU
		{3A2DED1D-CC46-4B53-9560-5D9CE556B591}.Debug|x64.ActiveCfg = Debug|Any CPU
		{3A2DED1D-CC46-4B53-9560-5D9CE556B591}.Debug|x64.Build.0 = Debug|Any CPU
		{3A2DED1D-CC46-4B53-9560-5D9CE556B591}.Debug|x86.ActiveCfg = Debug|Any CPU
		{3A2DED1D-CC46-4B53-9560-5D9CE556B591}.Debug|x86.Build.0 = Debug|Any CPU
		{3A2DED1D-CC46-4B53-9560-5D9CE556B591}.Release|Any CPU.ActiveCfg = Release|Any CPU
		{3A2DED1D-CC46-4B53-9560-5D9CE556B591}.Release|Any CPU.Build.0 = Release|Any CPU
		{3A2DED1D-CC46-4B53-9560-5D9CE556B591}.Release|x64.ActiveCfg = Release|Any CPU
		{3A2DED1D-CC46-4B53-9560-5D9CE556B591}.Release|x64.Build.0 = Release|Any CPU
		{3A2DED1D-CC46-4B53-9560-5D9CE556B591}.Release|x86.ActiveCfg = Release|Any CPU
		{3A2DED1D-CC46-4B53-9560-5D9CE556B591}.Release|x86.Build.0 = Release|Any CPU
		{F18E3416-1465-4DA3-84C0-E17648FDDA86}.Debug|Any CPU.ActiveCfg = Debug|Any CPU
		{F18E3416-1465-4DA3-84C0-E17648FDDA86}.Debug|Any CPU.Build.0 = Debug|Any CPU
		{F18E3416-1465-4DA3-84C0-E17648FDDA86}.Debug|x64.ActiveCfg = Debug|Any CPU
		{F18E3416-1465-4DA3-84C0-E17648FDDA86}.Debug|x64.Build.0 = Debug|Any CPU
		{F18E3416-1465-4DA3-84C0-E17648FDDA86}.Debug|x86.ActiveCfg = Debug|Any CPU
		{F18E3416-1465-4DA3-84C0-E17648FDDA86}.Debug|x86.Build.0 = Debug|Any CPU
		{F18E3416-1465-4DA3-84C0-E17648FDDA86}.Release|Any CPU.ActiveCfg = Release|Any CPU
		{F18E3416-1465-4DA3-84C0-E17648FDDA86}.Release|Any CPU.Build.0 = Release|Any CPU
		{F18E3416-1465-4DA3-84C0-E17648FDDA86}.Release|x64.ActiveCfg = Release|Any CPU
		{F18E3416-1465-4DA3-84C0-E17648FDDA86}.Release|x64.Build.0 = Release|Any CPU
		{F18E3416-1465-4DA3-84C0-E17648FDDA86}.Release|x86.ActiveCfg = Release|Any CPU
		{F18E3416-1465-4DA3-84C0-E17648FDDA86}.Release|x86.Build.0 = Release|Any CPU
		{7C02240C-44D6-4A2A-AD5C-FFF0DADEC50B}.Debug|Any CPU.ActiveCfg = Debug|Any CPU
		{7C02240C-44D6-4A2A-AD5C-FFF0DADEC50B}.Debug|Any CPU.Build.0 = Debug|Any CPU
		{7C02240C-44D6-4A2A-AD5C-FFF0DADEC50B}.Debug|x64.ActiveCfg = Debug|Any CPU
		{7C02240C-44D6-4A2A-AD5C-FFF0DADEC50B}.Debug|x64.Build.0 = Debug|Any CPU
		{7C02240C-44D6-4A2A-AD5C-FFF0DADEC50B}.Debug|x86.ActiveCfg = Debug|Any CPU
		{7C02240C-44D6-4A2A-AD5C-FFF0DADEC50B}.Debug|x86.Build.0 = Debug|Any CPU
		{7C02240C-44D6-4A2A-AD5C-FFF0DADEC50B}.Release|Any CPU.ActiveCfg = Release|Any CPU
		{7C02240C-44D6-4A2A-AD5C-FFF0DADEC50B}.Release|Any CPU.Build.0 = Release|Any CPU
		{7C02240C-44D6-4A2A-AD5C-FFF0DADEC50B}.Release|x64.ActiveCfg = Release|Any CPU
		{7C02240C-44D6-4A2A-AD5C-FFF0DADEC50B}.Release|x64.Build.0 = Release|Any CPU
		{7C02240C-44D6-4A2A-AD5C-FFF0DADEC50B}.Release|x86.ActiveCfg = Release|Any CPU
		{7C02240C-44D6-4A2A-AD5C-FFF0DADEC50B}.Release|x86.Build.0 = Release|Any CPU
		{5E8ED3B0-952B-421E-AB94-C5C3398B73F0}.Debug|Any CPU.ActiveCfg = Debug|Any CPU
		{5E8ED3B0-952B-421E-AB94-C5C3398B73F0}.Debug|Any CPU.Build.0 = Debug|Any CPU
		{5E8ED3B0-952B-421E-AB94-C5C3398B73F0}.Debug|x64.ActiveCfg = Debug|Any CPU
		{5E8ED3B0-952B-421E-AB94-C5C3398B73F0}.Debug|x64.Build.0 = Debug|Any CPU
		{5E8ED3B0-952B-421E-AB94-C5C3398B73F0}.Debug|x86.ActiveCfg = Debug|Any CPU
		{5E8ED3B0-952B-421E-AB94-C5C3398B73F0}.Debug|x86.Build.0 = Debug|Any CPU
		{5E8ED3B0-952B-421E-AB94-C5C3398B73F0}.Release|Any CPU.ActiveCfg = Release|Any CPU
		{5E8ED3B0-952B-421E-AB94-C5C3398B73F0}.Release|Any CPU.Build.0 = Release|Any CPU
		{5E8ED3B0-952B-421E-AB94-C5C3398B73F0}.Release|x64.ActiveCfg = Release|Any CPU
		{5E8ED3B0-952B-421E-AB94-C5C3398B73F0}.Release|x64.Build.0 = Release|Any CPU
		{5E8ED3B0-952B-421E-AB94-C5C3398B73F0}.Release|x86.ActiveCfg = Release|Any CPU
		{5E8ED3B0-952B-421E-AB94-C5C3398B73F0}.Release|x86.Build.0 = Release|Any CPU
		{75436F3F-8EC5-4958-8A08-7E0E6D3042EF}.Debug|Any CPU.ActiveCfg = Debug|Any CPU
		{75436F3F-8EC5-4958-8A08-7E0E6D3042EF}.Debug|Any CPU.Build.0 = Debug|Any CPU
		{75436F3F-8EC5-4958-8A08-7E0E6D3042EF}.Debug|x64.ActiveCfg = Debug|Any CPU
		{75436F3F-8EC5-4958-8A08-7E0E6D3042EF}.Debug|x64.Build.0 = Debug|Any CPU
		{75436F3F-8EC5-4958-8A08-7E0E6D3042EF}.Debug|x86.ActiveCfg = Debug|Any CPU
		{75436F3F-8EC5-4958-8A08-7E0E6D3042EF}.Debug|x86.Build.0 = Debug|Any CPU
		{75436F3F-8EC5-4958-8A08-7E0E6D3042EF}.Release|Any CPU.ActiveCfg = Release|Any CPU
		{75436F3F-8EC5-4958-8A08-7E0E6D3042EF}.Release|Any CPU.Build.0 = Release|Any CPU
		{75436F3F-8EC5-4958-8A08-7E0E6D3042EF}.Release|x64.ActiveCfg = Release|Any CPU
		{75436F3F-8EC5-4958-8A08-7E0E6D3042EF}.Release|x64.Build.0 = Release|Any CPU
		{75436F3F-8EC5-4958-8A08-7E0E6D3042EF}.Release|x86.ActiveCfg = Release|Any CPU
		{75436F3F-8EC5-4958-8A08-7E0E6D3042EF}.Release|x86.Build.0 = Release|Any CPU
		{E85A2F13-36F5-44C2-8119-21537A58F0E8}.Debug|Any CPU.ActiveCfg = Debug|Any CPU
		{E85A2F13-36F5-44C2-8119-21537A58F0E8}.Debug|Any CPU.Build.0 = Debug|Any CPU
		{E85A2F13-36F5-44C2-8119-21537A58F0E8}.Debug|x64.ActiveCfg = Debug|Any CPU
		{E85A2F13-36F5-44C2-8119-21537A58F0E8}.Debug|x64.Build.0 = Debug|Any CPU
		{E85A2F13-36F5-44C2-8119-21537A58F0E8}.Debug|x86.ActiveCfg = Debug|Any CPU
		{E85A2F13-36F5-44C2-8119-21537A58F0E8}.Debug|x86.Build.0 = Debug|Any CPU
		{E85A2F13-36F5-44C2-8119-21537A58F0E8}.Release|Any CPU.ActiveCfg = Release|Any CPU
		{E85A2F13-36F5-44C2-8119-21537A58F0E8}.Release|Any CPU.Build.0 = Release|Any CPU
		{E85A2F13-36F5-44C2-8119-21537A58F0E8}.Release|x64.ActiveCfg = Release|Any CPU
		{E85A2F13-36F5-44C2-8119-21537A58F0E8}.Release|x64.Build.0 = Release|Any CPU
		{E85A2F13-36F5-44C2-8119-21537A58F0E8}.Release|x86.ActiveCfg = Release|Any CPU
		{E85A2F13-36F5-44C2-8119-21537A58F0E8}.Release|x86.Build.0 = Release|Any CPU
		{72F6C6F9-5CD3-4EA4-8AE0-998E865EF288}.Debug|Any CPU.ActiveCfg = Debug|Any CPU
		{72F6C6F9-5CD3-4EA4-8AE0-998E865EF288}.Debug|Any CPU.Build.0 = Debug|Any CPU
		{72F6C6F9-5CD3-4EA4-8AE0-998E865EF288}.Debug|x64.ActiveCfg = Debug|Any CPU
		{72F6C6F9-5CD3-4EA4-8AE0-998E865EF288}.Debug|x64.Build.0 = Debug|Any CPU
		{72F6C6F9-5CD3-4EA4-8AE0-998E865EF288}.Debug|x86.ActiveCfg = Debug|Any CPU
		{72F6C6F9-5CD3-4EA4-8AE0-998E865EF288}.Debug|x86.Build.0 = Debug|Any CPU
		{72F6C6F9-5CD3-4EA4-8AE0-998E865EF288}.Release|Any CPU.ActiveCfg = Release|Any CPU
		{72F6C6F9-5CD3-4EA4-8AE0-998E865EF288}.Release|Any CPU.Build.0 = Release|Any CPU
		{72F6C6F9-5CD3-4EA4-8AE0-998E865EF288}.Release|x64.ActiveCfg = Release|Any CPU
		{72F6C6F9-5CD3-4EA4-8AE0-998E865EF288}.Release|x64.Build.0 = Release|Any CPU
		{72F6C6F9-5CD3-4EA4-8AE0-998E865EF288}.Release|x86.ActiveCfg = Release|Any CPU
		{72F6C6F9-5CD3-4EA4-8AE0-998E865EF288}.Release|x86.Build.0 = Release|Any CPU
		{A896F5A8-E16F-431B-9CB2-92A5F3044ABF}.Debug|Any CPU.ActiveCfg = Debug|Any CPU
		{A896F5A8-E16F-431B-9CB2-92A5F3044ABF}.Debug|Any CPU.Build.0 = Debug|Any CPU
		{A896F5A8-E16F-431B-9CB2-92A5F3044ABF}.Debug|x64.ActiveCfg = Debug|Any CPU
		{A896F5A8-E16F-431B-9CB2-92A5F3044ABF}.Debug|x64.Build.0 = Debug|Any CPU
		{A896F5A8-E16F-431B-9CB2-92A5F3044ABF}.Debug|x86.ActiveCfg = Debug|Any CPU
		{A896F5A8-E16F-431B-9CB2-92A5F3044ABF}.Debug|x86.Build.0 = Debug|Any CPU
		{A896F5A8-E16F-431B-9CB2-92A5F3044ABF}.Release|Any CPU.ActiveCfg = Release|Any CPU
		{A896F5A8-E16F-431B-9CB2-92A5F3044ABF}.Release|Any CPU.Build.0 = Release|Any CPU
		{A896F5A8-E16F-431B-9CB2-92A5F3044ABF}.Release|x64.ActiveCfg = Release|Any CPU
		{A896F5A8-E16F-431B-9CB2-92A5F3044ABF}.Release|x64.Build.0 = Release|Any CPU
		{A896F5A8-E16F-431B-9CB2-92A5F3044ABF}.Release|x86.ActiveCfg = Release|Any CPU
		{A896F5A8-E16F-431B-9CB2-92A5F3044ABF}.Release|x86.Build.0 = Release|Any CPU
		{2ECA8624-7FC0-45F7-B336-A7A33F5C587A}.Debug|Any CPU.ActiveCfg = Debug|Any CPU
		{2ECA8624-7FC0-45F7-B336-A7A33F5C587A}.Debug|Any CPU.Build.0 = Debug|Any CPU
		{2ECA8624-7FC0-45F7-B336-A7A33F5C587A}.Debug|x64.ActiveCfg = Debug|Any CPU
		{2ECA8624-7FC0-45F7-B336-A7A33F5C587A}.Debug|x64.Build.0 = Debug|Any CPU
		{2ECA8624-7FC0-45F7-B336-A7A33F5C587A}.Debug|x86.ActiveCfg = Debug|Any CPU
		{2ECA8624-7FC0-45F7-B336-A7A33F5C587A}.Debug|x86.Build.0 = Debug|Any CPU
		{2ECA8624-7FC0-45F7-B336-A7A33F5C587A}.Release|Any CPU.ActiveCfg = Release|Any CPU
		{2ECA8624-7FC0-45F7-B336-A7A33F5C587A}.Release|Any CPU.Build.0 = Release|Any CPU
		{2ECA8624-7FC0-45F7-B336-A7A33F5C587A}.Release|x64.ActiveCfg = Release|Any CPU
		{2ECA8624-7FC0-45F7-B336-A7A33F5C587A}.Release|x64.Build.0 = Release|Any CPU
		{2ECA8624-7FC0-45F7-B336-A7A33F5C587A}.Release|x86.ActiveCfg = Release|Any CPU
		{2ECA8624-7FC0-45F7-B336-A7A33F5C587A}.Release|x86.Build.0 = Release|Any CPU
		{0FA5785F-E27E-44F6-867C-4647AC126B98}.Debug|Any CPU.ActiveCfg = Debug|Any CPU
		{0FA5785F-E27E-44F6-867C-4647AC126B98}.Debug|Any CPU.Build.0 = Debug|Any CPU
		{0FA5785F-E27E-44F6-867C-4647AC126B98}.Debug|x64.ActiveCfg = Debug|Any CPU
		{0FA5785F-E27E-44F6-867C-4647AC126B98}.Debug|x64.Build.0 = Debug|Any CPU
		{0FA5785F-E27E-44F6-867C-4647AC126B98}.Debug|x86.ActiveCfg = Debug|Any CPU
		{0FA5785F-E27E-44F6-867C-4647AC126B98}.Debug|x86.Build.0 = Debug|Any CPU
		{0FA5785F-E27E-44F6-867C-4647AC126B98}.Release|Any CPU.ActiveCfg = Release|Any CPU
		{0FA5785F-E27E-44F6-867C-4647AC126B98}.Release|Any CPU.Build.0 = Release|Any CPU
		{0FA5785F-E27E-44F6-867C-4647AC126B98}.Release|x64.ActiveCfg = Release|Any CPU
		{0FA5785F-E27E-44F6-867C-4647AC126B98}.Release|x64.Build.0 = Release|Any CPU
		{0FA5785F-E27E-44F6-867C-4647AC126B98}.Release|x86.ActiveCfg = Release|Any CPU
		{0FA5785F-E27E-44F6-867C-4647AC126B98}.Release|x86.Build.0 = Release|Any CPU
		{2D0E0A68-D952-4E07-B9A7-08992A47C5A4}.Debug|Any CPU.ActiveCfg = Debug|Any CPU
		{2D0E0A68-D952-4E07-B9A7-08992A47C5A4}.Debug|Any CPU.Build.0 = Debug|Any CPU
		{2D0E0A68-D952-4E07-B9A7-08992A47C5A4}.Debug|x64.ActiveCfg = Debug|Any CPU
		{2D0E0A68-D952-4E07-B9A7-08992A47C5A4}.Debug|x64.Build.0 = Debug|Any CPU
		{2D0E0A68-D952-4E07-B9A7-08992A47C5A4}.Debug|x86.ActiveCfg = Debug|Any CPU
		{2D0E0A68-D952-4E07-B9A7-08992A47C5A4}.Debug|x86.Build.0 = Debug|Any CPU
		{2D0E0A68-D952-4E07-B9A7-08992A47C5A4}.Release|Any CPU.ActiveCfg = Release|Any CPU
		{2D0E0A68-D952-4E07-B9A7-08992A47C5A4}.Release|Any CPU.Build.0 = Release|Any CPU
		{2D0E0A68-D952-4E07-B9A7-08992A47C5A4}.Release|x64.ActiveCfg = Release|Any CPU
		{2D0E0A68-D952-4E07-B9A7-08992A47C5A4}.Release|x64.Build.0 = Release|Any CPU
		{2D0E0A68-D952-4E07-B9A7-08992A47C5A4}.Release|x86.ActiveCfg = Release|Any CPU
		{2D0E0A68-D952-4E07-B9A7-08992A47C5A4}.Release|x86.Build.0 = Release|Any CPU
		{BBCE2A80-C6FA-4DC7-8067-D4F8BD834C01}.Debug|Any CPU.ActiveCfg = Debug|Any CPU
		{BBCE2A80-C6FA-4DC7-8067-D4F8BD834C01}.Debug|Any CPU.Build.0 = Debug|Any CPU
		{BBCE2A80-C6FA-4DC7-8067-D4F8BD834C01}.Debug|x64.ActiveCfg = Debug|Any CPU
		{BBCE2A80-C6FA-4DC7-8067-D4F8BD834C01}.Debug|x64.Build.0 = Debug|Any CPU
		{BBCE2A80-C6FA-4DC7-8067-D4F8BD834C01}.Debug|x86.ActiveCfg = Debug|Any CPU
		{BBCE2A80-C6FA-4DC7-8067-D4F8BD834C01}.Debug|x86.Build.0 = Debug|Any CPU
		{BBCE2A80-C6FA-4DC7-8067-D4F8BD834C01}.Release|Any CPU.ActiveCfg = Release|Any CPU
		{BBCE2A80-C6FA-4DC7-8067-D4F8BD834C01}.Release|Any CPU.Build.0 = Release|Any CPU
		{BBCE2A80-C6FA-4DC7-8067-D4F8BD834C01}.Release|x64.ActiveCfg = Release|Any CPU
		{BBCE2A80-C6FA-4DC7-8067-D4F8BD834C01}.Release|x64.Build.0 = Release|Any CPU
		{BBCE2A80-C6FA-4DC7-8067-D4F8BD834C01}.Release|x86.ActiveCfg = Release|Any CPU
		{BBCE2A80-C6FA-4DC7-8067-D4F8BD834C01}.Release|x86.Build.0 = Release|Any CPU
		{B707E7EC-D709-4CA3-92F0-F6ACF7E63CA6}.Debug|Any CPU.ActiveCfg = Debug|Any CPU
		{B707E7EC-D709-4CA3-92F0-F6ACF7E63CA6}.Debug|Any CPU.Build.0 = Debug|Any CPU
		{B707E7EC-D709-4CA3-92F0-F6ACF7E63CA6}.Debug|x64.ActiveCfg = Debug|Any CPU
		{B707E7EC-D709-4CA3-92F0-F6ACF7E63CA6}.Debug|x64.Build.0 = Debug|Any CPU
		{B707E7EC-D709-4CA3-92F0-F6ACF7E63CA6}.Debug|x86.ActiveCfg = Debug|Any CPU
		{B707E7EC-D709-4CA3-92F0-F6ACF7E63CA6}.Debug|x86.Build.0 = Debug|Any CPU
		{B707E7EC-D709-4CA3-92F0-F6ACF7E63CA6}.Release|Any CPU.ActiveCfg = Release|Any CPU
		{B707E7EC-D709-4CA3-92F0-F6ACF7E63CA6}.Release|Any CPU.Build.0 = Release|Any CPU
		{B707E7EC-D709-4CA3-92F0-F6ACF7E63CA6}.Release|x64.ActiveCfg = Release|Any CPU
		{B707E7EC-D709-4CA3-92F0-F6ACF7E63CA6}.Release|x64.Build.0 = Release|Any CPU
		{B707E7EC-D709-4CA3-92F0-F6ACF7E63CA6}.Release|x86.ActiveCfg = Release|Any CPU
		{B707E7EC-D709-4CA3-92F0-F6ACF7E63CA6}.Release|x86.Build.0 = Release|Any CPU
		{248B5918-7CF6-4AD4-BDAE-E932B1243914}.Debug|Any CPU.ActiveCfg = Debug|Any CPU
		{248B5918-7CF6-4AD4-BDAE-E932B1243914}.Debug|Any CPU.Build.0 = Debug|Any CPU
		{248B5918-7CF6-4AD4-BDAE-E932B1243914}.Debug|x64.ActiveCfg = Debug|Any CPU
		{248B5918-7CF6-4AD4-BDAE-E932B1243914}.Debug|x64.Build.0 = Debug|Any CPU
		{248B5918-7CF6-4AD4-BDAE-E932B1243914}.Debug|x86.ActiveCfg = Debug|Any CPU
		{248B5918-7CF6-4AD4-BDAE-E932B1243914}.Debug|x86.Build.0 = Debug|Any CPU
		{248B5918-7CF6-4AD4-BDAE-E932B1243914}.Release|Any CPU.ActiveCfg = Release|Any CPU
		{248B5918-7CF6-4AD4-BDAE-E932B1243914}.Release|Any CPU.Build.0 = Release|Any CPU
		{248B5918-7CF6-4AD4-BDAE-E932B1243914}.Release|x64.ActiveCfg = Release|Any CPU
		{248B5918-7CF6-4AD4-BDAE-E932B1243914}.Release|x64.Build.0 = Release|Any CPU
		{248B5918-7CF6-4AD4-BDAE-E932B1243914}.Release|x86.ActiveCfg = Release|Any CPU
		{248B5918-7CF6-4AD4-BDAE-E932B1243914}.Release|x86.Build.0 = Release|Any CPU
		{457428EF-9941-4593-B3CE-F2E574878DC1}.Debug|Any CPU.ActiveCfg = Debug|Any CPU
		{457428EF-9941-4593-B3CE-F2E574878DC1}.Debug|Any CPU.Build.0 = Debug|Any CPU
		{457428EF-9941-4593-B3CE-F2E574878DC1}.Debug|x64.ActiveCfg = Debug|Any CPU
		{457428EF-9941-4593-B3CE-F2E574878DC1}.Debug|x64.Build.0 = Debug|Any CPU
		{457428EF-9941-4593-B3CE-F2E574878DC1}.Debug|x86.ActiveCfg = Debug|Any CPU
		{457428EF-9941-4593-B3CE-F2E574878DC1}.Debug|x86.Build.0 = Debug|Any CPU
		{457428EF-9941-4593-B3CE-F2E574878DC1}.Release|Any CPU.ActiveCfg = Release|Any CPU
		{457428EF-9941-4593-B3CE-F2E574878DC1}.Release|Any CPU.Build.0 = Release|Any CPU
		{457428EF-9941-4593-B3CE-F2E574878DC1}.Release|x64.ActiveCfg = Release|Any CPU
		{457428EF-9941-4593-B3CE-F2E574878DC1}.Release|x64.Build.0 = Release|Any CPU
		{457428EF-9941-4593-B3CE-F2E574878DC1}.Release|x86.ActiveCfg = Release|Any CPU
		{457428EF-9941-4593-B3CE-F2E574878DC1}.Release|x86.Build.0 = Release|Any CPU
		{867C2A3A-75E4-4B35-9852-BEDCDC5719DB}.Debug|Any CPU.ActiveCfg = Debug|Any CPU
		{867C2A3A-75E4-4B35-9852-BEDCDC5719DB}.Debug|Any CPU.Build.0 = Debug|Any CPU
		{867C2A3A-75E4-4B35-9852-BEDCDC5719DB}.Debug|x64.ActiveCfg = Debug|Any CPU
		{867C2A3A-75E4-4B35-9852-BEDCDC5719DB}.Debug|x64.Build.0 = Debug|Any CPU
		{867C2A3A-75E4-4B35-9852-BEDCDC5719DB}.Debug|x86.ActiveCfg = Debug|Any CPU
		{867C2A3A-75E4-4B35-9852-BEDCDC5719DB}.Debug|x86.Build.0 = Debug|Any CPU
		{867C2A3A-75E4-4B35-9852-BEDCDC5719DB}.Release|Any CPU.ActiveCfg = Release|Any CPU
		{867C2A3A-75E4-4B35-9852-BEDCDC5719DB}.Release|Any CPU.Build.0 = Release|Any CPU
		{867C2A3A-75E4-4B35-9852-BEDCDC5719DB}.Release|x64.ActiveCfg = Release|Any CPU
		{867C2A3A-75E4-4B35-9852-BEDCDC5719DB}.Release|x64.Build.0 = Release|Any CPU
		{867C2A3A-75E4-4B35-9852-BEDCDC5719DB}.Release|x86.ActiveCfg = Release|Any CPU
		{867C2A3A-75E4-4B35-9852-BEDCDC5719DB}.Release|x86.Build.0 = Release|Any CPU
		{4F5330BB-6BE3-48A2-903D-A492BE05B2AB}.Debug|Any CPU.ActiveCfg = Debug|Any CPU
		{4F5330BB-6BE3-48A2-903D-A492BE05B2AB}.Debug|Any CPU.Build.0 = Debug|Any CPU
		{4F5330BB-6BE3-48A2-903D-A492BE05B2AB}.Debug|x64.ActiveCfg = Debug|Any CPU
		{4F5330BB-6BE3-48A2-903D-A492BE05B2AB}.Debug|x64.Build.0 = Debug|Any CPU
		{4F5330BB-6BE3-48A2-903D-A492BE05B2AB}.Debug|x86.ActiveCfg = Debug|Any CPU
		{4F5330BB-6BE3-48A2-903D-A492BE05B2AB}.Debug|x86.Build.0 = Debug|Any CPU
		{4F5330BB-6BE3-48A2-903D-A492BE05B2AB}.Release|Any CPU.ActiveCfg = Release|Any CPU
		{4F5330BB-6BE3-48A2-903D-A492BE05B2AB}.Release|Any CPU.Build.0 = Release|Any CPU
		{4F5330BB-6BE3-48A2-903D-A492BE05B2AB}.Release|x64.ActiveCfg = Release|Any CPU
		{4F5330BB-6BE3-48A2-903D-A492BE05B2AB}.Release|x64.Build.0 = Release|Any CPU
		{4F5330BB-6BE3-48A2-903D-A492BE05B2AB}.Release|x86.ActiveCfg = Release|Any CPU
		{4F5330BB-6BE3-48A2-903D-A492BE05B2AB}.Release|x86.Build.0 = Release|Any CPU
		{2B9DC17C-B3C4-479E-A9C3-EE3F494D6539}.Debug|Any CPU.ActiveCfg = Debug|Win32
		{2B9DC17C-B3C4-479E-A9C3-EE3F494D6539}.Debug|x64.ActiveCfg = Debug|x64
		{2B9DC17C-B3C4-479E-A9C3-EE3F494D6539}.Debug|x64.Build.0 = Debug|x64
		{2B9DC17C-B3C4-479E-A9C3-EE3F494D6539}.Debug|x86.ActiveCfg = Debug|Win32
		{2B9DC17C-B3C4-479E-A9C3-EE3F494D6539}.Debug|x86.Build.0 = Debug|Win32
		{2B9DC17C-B3C4-479E-A9C3-EE3F494D6539}.Release|Any CPU.ActiveCfg = Release|Win32
		{2B9DC17C-B3C4-479E-A9C3-EE3F494D6539}.Release|x64.ActiveCfg = Release|x64
		{2B9DC17C-B3C4-479E-A9C3-EE3F494D6539}.Release|x64.Build.0 = Release|x64
		{2B9DC17C-B3C4-479E-A9C3-EE3F494D6539}.Release|x86.ActiveCfg = Release|Win32
		{2B9DC17C-B3C4-479E-A9C3-EE3F494D6539}.Release|x86.Build.0 = Release|Win32
		{BC28C6DB-891C-4CB6-91B6-288D23F214BB}.Debug|Any CPU.ActiveCfg = Debug|Any CPU
		{BC28C6DB-891C-4CB6-91B6-288D23F214BB}.Debug|Any CPU.Build.0 = Debug|Any CPU
		{BC28C6DB-891C-4CB6-91B6-288D23F214BB}.Debug|x64.ActiveCfg = Debug|Any CPU
		{BC28C6DB-891C-4CB6-91B6-288D23F214BB}.Debug|x64.Build.0 = Debug|Any CPU
		{BC28C6DB-891C-4CB6-91B6-288D23F214BB}.Debug|x86.ActiveCfg = Debug|Any CPU
		{BC28C6DB-891C-4CB6-91B6-288D23F214BB}.Debug|x86.Build.0 = Debug|Any CPU
		{BC28C6DB-891C-4CB6-91B6-288D23F214BB}.Release|Any CPU.ActiveCfg = Release|Any CPU
		{BC28C6DB-891C-4CB6-91B6-288D23F214BB}.Release|Any CPU.Build.0 = Release|Any CPU
		{BC28C6DB-891C-4CB6-91B6-288D23F214BB}.Release|x64.ActiveCfg = Release|Any CPU
		{BC28C6DB-891C-4CB6-91B6-288D23F214BB}.Release|x64.Build.0 = Release|Any CPU
		{BC28C6DB-891C-4CB6-91B6-288D23F214BB}.Release|x86.ActiveCfg = Release|Any CPU
		{BC28C6DB-891C-4CB6-91B6-288D23F214BB}.Release|x86.Build.0 = Release|Any CPU
		{2A16DC33-9F10-49BF-8A17-027A01CF6A64}.Debug|Any CPU.ActiveCfg = Debug|Any CPU
		{2A16DC33-9F10-49BF-8A17-027A01CF6A64}.Debug|Any CPU.Build.0 = Debug|Any CPU
		{2A16DC33-9F10-49BF-8A17-027A01CF6A64}.Debug|x64.ActiveCfg = Debug|Any CPU
		{2A16DC33-9F10-49BF-8A17-027A01CF6A64}.Debug|x64.Build.0 = Debug|Any CPU
		{2A16DC33-9F10-49BF-8A17-027A01CF6A64}.Debug|x86.ActiveCfg = Debug|Any CPU
		{2A16DC33-9F10-49BF-8A17-027A01CF6A64}.Debug|x86.Build.0 = Debug|Any CPU
		{2A16DC33-9F10-49BF-8A17-027A01CF6A64}.Release|Any CPU.ActiveCfg = Release|Any CPU
		{2A16DC33-9F10-49BF-8A17-027A01CF6A64}.Release|Any CPU.Build.0 = Release|Any CPU
		{2A16DC33-9F10-49BF-8A17-027A01CF6A64}.Release|x64.ActiveCfg = Release|Any CPU
		{2A16DC33-9F10-49BF-8A17-027A01CF6A64}.Release|x64.Build.0 = Release|Any CPU
		{2A16DC33-9F10-49BF-8A17-027A01CF6A64}.Release|x86.ActiveCfg = Release|Any CPU
		{2A16DC33-9F10-49BF-8A17-027A01CF6A64}.Release|x86.Build.0 = Release|Any CPU
		{09E8923F-CF00-4C65-A315-E8D5EBD57312}.Debug|Any CPU.ActiveCfg = Debug|Any CPU
		{09E8923F-CF00-4C65-A315-E8D5EBD57312}.Debug|Any CPU.Build.0 = Debug|Any CPU
		{09E8923F-CF00-4C65-A315-E8D5EBD57312}.Debug|x64.ActiveCfg = Debug|Any CPU
		{09E8923F-CF00-4C65-A315-E8D5EBD57312}.Debug|x64.Build.0 = Debug|Any CPU
		{09E8923F-CF00-4C65-A315-E8D5EBD57312}.Debug|x86.ActiveCfg = Debug|Any CPU
		{09E8923F-CF00-4C65-A315-E8D5EBD57312}.Debug|x86.Build.0 = Debug|Any CPU
		{09E8923F-CF00-4C65-A315-E8D5EBD57312}.Release|Any CPU.ActiveCfg = Release|Any CPU
		{09E8923F-CF00-4C65-A315-E8D5EBD57312}.Release|Any CPU.Build.0 = Release|Any CPU
		{09E8923F-CF00-4C65-A315-E8D5EBD57312}.Release|x64.ActiveCfg = Release|Any CPU
		{09E8923F-CF00-4C65-A315-E8D5EBD57312}.Release|x64.Build.0 = Release|Any CPU
		{09E8923F-CF00-4C65-A315-E8D5EBD57312}.Release|x86.ActiveCfg = Release|Any CPU
		{09E8923F-CF00-4C65-A315-E8D5EBD57312}.Release|x86.Build.0 = Release|Any CPU
		{911F7C7B-6E44-49DD-A202-8C8815903F47}.Debug|Any CPU.ActiveCfg = Debug|Any CPU
		{911F7C7B-6E44-49DD-A202-8C8815903F47}.Debug|Any CPU.Build.0 = Debug|Any CPU
		{911F7C7B-6E44-49DD-A202-8C8815903F47}.Debug|x64.ActiveCfg = Debug|Any CPU
		{911F7C7B-6E44-49DD-A202-8C8815903F47}.Debug|x64.Build.0 = Debug|Any CPU
		{911F7C7B-6E44-49DD-A202-8C8815903F47}.Debug|x86.ActiveCfg = Debug|Any CPU
		{911F7C7B-6E44-49DD-A202-8C8815903F47}.Debug|x86.Build.0 = Debug|Any CPU
		{911F7C7B-6E44-49DD-A202-8C8815903F47}.Release|Any CPU.ActiveCfg = Release|Any CPU
		{911F7C7B-6E44-49DD-A202-8C8815903F47}.Release|Any CPU.Build.0 = Release|Any CPU
		{911F7C7B-6E44-49DD-A202-8C8815903F47}.Release|x64.ActiveCfg = Release|Any CPU
		{911F7C7B-6E44-49DD-A202-8C8815903F47}.Release|x64.Build.0 = Release|Any CPU
		{911F7C7B-6E44-49DD-A202-8C8815903F47}.Release|x86.ActiveCfg = Release|Any CPU
		{911F7C7B-6E44-49DD-A202-8C8815903F47}.Release|x86.Build.0 = Release|Any CPU
		{3695CFD6-2A32-4B07-84B3-2BB4DAEB38D0}.Debug|Any CPU.ActiveCfg = Debug|Any CPU
		{3695CFD6-2A32-4B07-84B3-2BB4DAEB38D0}.Debug|Any CPU.Build.0 = Debug|Any CPU
		{3695CFD6-2A32-4B07-84B3-2BB4DAEB38D0}.Debug|x64.ActiveCfg = Debug|Any CPU
		{3695CFD6-2A32-4B07-84B3-2BB4DAEB38D0}.Debug|x64.Build.0 = Debug|Any CPU
		{3695CFD6-2A32-4B07-84B3-2BB4DAEB38D0}.Debug|x86.ActiveCfg = Debug|Any CPU
		{3695CFD6-2A32-4B07-84B3-2BB4DAEB38D0}.Debug|x86.Build.0 = Debug|Any CPU
		{3695CFD6-2A32-4B07-84B3-2BB4DAEB38D0}.Release|Any CPU.ActiveCfg = Release|Any CPU
		{3695CFD6-2A32-4B07-84B3-2BB4DAEB38D0}.Release|Any CPU.Build.0 = Release|Any CPU
		{3695CFD6-2A32-4B07-84B3-2BB4DAEB38D0}.Release|x64.ActiveCfg = Release|Any CPU
		{3695CFD6-2A32-4B07-84B3-2BB4DAEB38D0}.Release|x64.Build.0 = Release|Any CPU
		{3695CFD6-2A32-4B07-84B3-2BB4DAEB38D0}.Release|x86.ActiveCfg = Release|Any CPU
		{3695CFD6-2A32-4B07-84B3-2BB4DAEB38D0}.Release|x86.Build.0 = Release|Any CPU
		{D42E22AC-3A79-4E4D-9B82-D0FF88E5569D}.Debug|Any CPU.ActiveCfg = Debug|Any CPU
		{D42E22AC-3A79-4E4D-9B82-D0FF88E5569D}.Debug|Any CPU.Build.0 = Debug|Any CPU
		{D42E22AC-3A79-4E4D-9B82-D0FF88E5569D}.Debug|x64.ActiveCfg = Debug|Any CPU
		{D42E22AC-3A79-4E4D-9B82-D0FF88E5569D}.Debug|x64.Build.0 = Debug|Any CPU
		{D42E22AC-3A79-4E4D-9B82-D0FF88E5569D}.Debug|x86.ActiveCfg = Debug|Any CPU
		{D42E22AC-3A79-4E4D-9B82-D0FF88E5569D}.Debug|x86.Build.0 = Debug|Any CPU
		{D42E22AC-3A79-4E4D-9B82-D0FF88E5569D}.Release|Any CPU.ActiveCfg = Release|Any CPU
		{D42E22AC-3A79-4E4D-9B82-D0FF88E5569D}.Release|Any CPU.Build.0 = Release|Any CPU
		{D42E22AC-3A79-4E4D-9B82-D0FF88E5569D}.Release|x64.ActiveCfg = Release|Any CPU
		{D42E22AC-3A79-4E4D-9B82-D0FF88E5569D}.Release|x64.Build.0 = Release|Any CPU
		{D42E22AC-3A79-4E4D-9B82-D0FF88E5569D}.Release|x86.ActiveCfg = Release|Any CPU
		{D42E22AC-3A79-4E4D-9B82-D0FF88E5569D}.Release|x86.Build.0 = Release|Any CPU
	EndGlobalSection
	GlobalSection(SolutionProperties) = preSolution
		HideSolutionNode = FALSE
	EndGlobalSection
	GlobalSection(ExtensibilityGlobals) = postSolution
		SolutionGuid = {E6354682-0B46-44E4-AFCC-627BCCDDD647}
	EndGlobalSection
EndGlobal
