
Microsoft Visual Studio Solution File, Format Version 12.00
# Visual Studio 14
VisualStudioVersion = 14.0.24720.0
MinimumVisualStudioVersion = 10.0.40219.1
Project("{F184B08F-C81C-45F6-A57F-5ABD9991F28F}") = "Org", "Org\Org.vbproj", "{594C2333-44D1-4DC2-BDF6-1E8D862C72D9}"
EndProject
Project("{F184B08F-C81C-45F6-A57F-5ABD9991F28F}") = "Tourn", "Tourn\Tourn.vbproj", "{53C013B3-BCD1-4BC6-B06E-9D10C8A41589}"
EndProject
Project("{F184B08F-C81C-45F6-A57F-5ABD9991F28F}") = "RandomImage", "RandomImage\RandomImage.vbproj", "{2B16194E-EE5D-48B1-9736-197D46EBEA11}"
EndProject
Project("{FAE04EC0-301F-11D3-BF4B-00C04F79EFBC}") = "Rating", "Rating\Rating.csproj", "{65EB1016-ECB5-4DF8-8192-FFCDFABA361D}"
EndProject
Project("{FAE04EC0-301F-11D3-BF4B-00C04F79EFBC}") = "RatingCalc", "RatingCalc\RatingCalc.csproj", "{3A2DED1D-CC46-4B53-9560-5D9CE556B591}"
EndProject
Project("{FAE04EC0-301F-11D3-BF4B-00C04F79EFBC}") = "BrowseByRating", "BrowseByRating\BrowseByRating.csproj", "{F18E3416-1465-4DA3-84C0-E17648FDDA86}"
EndProject
Project("{FAE04EC0-301F-11D3-BF4B-00C04F79EFBC}") = "MoveFiles", "MoveFiles\MoveFiles.csproj", "{D8933D5E-E371-4C8A-8401-4C46F78B1031}"
EndProject
Project("{FAE04EC0-301F-11D3-BF4B-00C04F79EFBC}") = "GetRandom", "GetRandom\GetRandom.csproj", "{7C02240C-44D6-4A2A-AD5C-FFF0DADEC50B}"
EndProject
Project("{FAE04EC0-301F-11D3-BF4B-00C04F79EFBC}") = "RandomTest", "RandomTest\RandomTest.csproj", "{D113F166-C9A8-4D4C-BD68-67D6B1762133}"
EndProject
Project("{FAE04EC0-301F-11D3-BF4B-00C04F79EFBC}") = "GE", "WindowsFormsApplication1\GE.csproj", "{A5C7A5A8-CA53-4FDE-8DFD-2E6430CA7568}"
EndProject
Project("{FAE04EC0-301F-11D3-BF4B-00C04F79EFBC}") = "DL", "DL\DL.csproj", "{5E8ED3B0-952B-421E-AB94-C5C3398B73F0}"
EndProject
Project("{FAE04EC0-301F-11D3-BF4B-00C04F79EFBC}") = "JJDL", "JJDL\JJDL.csproj", "{75436F3F-8EC5-4958-8A08-7E0E6D3042EF}"
EndProject
Project("{FAE04EC0-301F-11D3-BF4B-00C04F79EFBC}") = "Org+", "Org+\Org+.csproj", "{E85A2F13-36F5-44C2-8119-21537A58F0E8}"
EndProject
Project("{FAE04EC0-301F-11D3-BF4B-00C04F79EFBC}") = "DrawaD", "DrawaD\DrawaD.csproj", "{72F6C6F9-5CD3-4EA4-8AE0-998E865EF288}"
EndProject
Project("{FAE04EC0-301F-11D3-BF4B-00C04F79EFBC}") = "WebApplication1", "WebApplication1\WebApplication1.csproj", "{A896F5A8-E16F-431B-9CB2-92A5F3044ABF}"
EndProject
Project("{FAE04EC0-301F-11D3-BF4B-00C04F79EFBC}") = "Reference", "Reference\Reference.csproj", "{2ECA8624-7FC0-45F7-B336-A7A33F5C587A}"
EndProject
Project("{FAE04EC0-301F-11D3-BF4B-00C04F79EFBC}") = "ConsoleTest", "ConsoleTest\ConsoleTest.csproj", "{27828C74-EABD-4795-8319-C01975BED350}"
EndProject
Project("{FAE04EC0-301F-11D3-BF4B-00C04F79EFBC}") = "Orgx4", "Orgx4\Orgx4.csproj", "{0FA5785F-E27E-44F6-867C-4647AC126B98}"
EndProject
Project("{FAE04EC0-301F-11D3-BF4B-00C04F79EFBC}") = "WIGC", "WIGC\WIGC.csproj", "{2D0E0A68-D952-4E07-B9A7-08992A47C5A4}"
EndProject
Project("{FAE04EC0-301F-11D3-BF4B-00C04F79EFBC}") = "GetRandomFromFile", "GetRandomFromFile\GetRandomFromFile.csproj", "{BBCE2A80-C6FA-4DC7-8067-D4F8BD834C01}"
EndProject
Project("{FAE04EC0-301F-11D3-BF4B-00C04F79EFBC}") = "GetRandomImage", "GetRandomImage\GetRandomImage.csproj", "{B707E7EC-D709-4CA3-92F0-F6ACF7E63CA6}"
EndProject
Global
	GlobalSection(SolutionConfigurationPlatforms) = preSolution
		Debug|Any CPU = Debug|Any CPU
		Release|Any CPU = Release|Any CPU
	EndGlobalSection
	GlobalSection(ProjectConfigurationPlatforms) = postSolution
		{594C2333-44D1-4DC2-BDF6-1E8D862C72D9}.Debug|Any CPU.ActiveCfg = Debug|Any CPU
		{594C2333-44D1-4DC2-BDF6-1E8D862C72D9}.Debug|Any CPU.Build.0 = Debug|Any CPU
		{594C2333-44D1-4DC2-BDF6-1E8D862C72D9}.Release|Any CPU.ActiveCfg = Release|Any CPU
		{594C2333-44D1-4DC2-BDF6-1E8D862C72D9}.Release|Any CPU.Build.0 = Release|Any CPU
		{53C013B3-BCD1-4BC6-B06E-9D10C8A41589}.Debug|Any CPU.ActiveCfg = Debug|Any CPU
		{53C013B3-BCD1-4BC6-B06E-9D10C8A41589}.Debug|Any CPU.Build.0 = Debug|Any CPU
		{53C013B3-BCD1-4BC6-B06E-9D10C8A41589}.Release|Any CPU.ActiveCfg = Release|Any CPU
		{53C013B3-BCD1-4BC6-B06E-9D10C8A41589}.Release|Any CPU.Build.0 = Release|Any CPU
		{2B16194E-EE5D-48B1-9736-197D46EBEA11}.Debug|Any CPU.ActiveCfg = Debug|Any CPU
		{2B16194E-EE5D-48B1-9736-197D46EBEA11}.Debug|Any CPU.Build.0 = Debug|Any CPU
		{2B16194E-EE5D-48B1-9736-197D46EBEA11}.Release|Any CPU.ActiveCfg = Release|Any CPU
		{2B16194E-EE5D-48B1-9736-197D46EBEA11}.Release|Any CPU.Build.0 = Release|Any CPU
		{65EB1016-ECB5-4DF8-8192-FFCDFABA361D}.Debug|Any CPU.ActiveCfg = Debug|Any CPU
		{65EB1016-ECB5-4DF8-8192-FFCDFABA361D}.Debug|Any CPU.Build.0 = Debug|Any CPU
		{65EB1016-ECB5-4DF8-8192-FFCDFABA361D}.Release|Any CPU.ActiveCfg = Release|Any CPU
		{65EB1016-ECB5-4DF8-8192-FFCDFABA361D}.Release|Any CPU.Build.0 = Release|Any CPU
		{3A2DED1D-CC46-4B53-9560-5D9CE556B591}.Debug|Any CPU.ActiveCfg = Debug|Any CPU
		{3A2DED1D-CC46-4B53-9560-5D9CE556B591}.Debug|Any CPU.Build.0 = Debug|Any CPU
		{3A2DED1D-CC46-4B53-9560-5D9CE556B591}.Release|Any CPU.ActiveCfg = Release|Any CPU
		{3A2DED1D-CC46-4B53-9560-5D9CE556B591}.Release|Any CPU.Build.0 = Release|Any CPU
		{F18E3416-1465-4DA3-84C0-E17648FDDA86}.Debug|Any CPU.ActiveCfg = Debug|Any CPU
		{F18E3416-1465-4DA3-84C0-E17648FDDA86}.Debug|Any CPU.Build.0 = Debug|Any CPU
		{F18E3416-1465-4DA3-84C0-E17648FDDA86}.Release|Any CPU.ActiveCfg = Release|Any CPU
		{F18E3416-1465-4DA3-84C0-E17648FDDA86}.Release|Any CPU.Build.0 = Release|Any CPU
		{D8933D5E-E371-4C8A-8401-4C46F78B1031}.Debug|Any CPU.ActiveCfg = Debug|Any CPU
		{D8933D5E-E371-4C8A-8401-4C46F78B1031}.Debug|Any CPU.Build.0 = Debug|Any CPU
		{D8933D5E-E371-4C8A-8401-4C46F78B1031}.Release|Any CPU.ActiveCfg = Release|Any CPU
		{D8933D5E-E371-4C8A-8401-4C46F78B1031}.Release|Any CPU.Build.0 = Release|Any CPU
		{7C02240C-44D6-4A2A-AD5C-FFF0DADEC50B}.Debug|Any CPU.ActiveCfg = Debug|Any CPU
		{7C02240C-44D6-4A2A-AD5C-FFF0DADEC50B}.Debug|Any CPU.Build.0 = Debug|Any CPU
		{7C02240C-44D6-4A2A-AD5C-FFF0DADEC50B}.Release|Any CPU.ActiveCfg = Release|Any CPU
		{7C02240C-44D6-4A2A-AD5C-FFF0DADEC50B}.Release|Any CPU.Build.0 = Release|Any CPU
		{D113F166-C9A8-4D4C-BD68-67D6B1762133}.Debug|Any CPU.ActiveCfg = Debug|Any CPU
		{D113F166-C9A8-4D4C-BD68-67D6B1762133}.Debug|Any CPU.Build.0 = Debug|Any CPU
		{D113F166-C9A8-4D4C-BD68-67D6B1762133}.Release|Any CPU.ActiveCfg = Release|Any CPU
		{D113F166-C9A8-4D4C-BD68-67D6B1762133}.Release|Any CPU.Build.0 = Release|Any CPU
		{A5C7A5A8-CA53-4FDE-8DFD-2E6430CA7568}.Debug|Any CPU.ActiveCfg = Debug|Any CPU
		{A5C7A5A8-CA53-4FDE-8DFD-2E6430CA7568}.Debug|Any CPU.Build.0 = Debug|Any CPU
		{A5C7A5A8-CA53-4FDE-8DFD-2E6430CA7568}.Release|Any CPU.ActiveCfg = Release|Any CPU
		{A5C7A5A8-CA53-4FDE-8DFD-2E6430CA7568}.Release|Any CPU.Build.0 = Release|Any CPU
		{5E8ED3B0-952B-421E-AB94-C5C3398B73F0}.Debug|Any CPU.ActiveCfg = Debug|Any CPU
		{5E8ED3B0-952B-421E-AB94-C5C3398B73F0}.Debug|Any CPU.Build.0 = Debug|Any CPU
		{5E8ED3B0-952B-421E-AB94-C5C3398B73F0}.Release|Any CPU.ActiveCfg = Release|Any CPU
		{5E8ED3B0-952B-421E-AB94-C5C3398B73F0}.Release|Any CPU.Build.0 = Release|Any CPU
		{75436F3F-8EC5-4958-8A08-7E0E6D3042EF}.Debug|Any CPU.ActiveCfg = Debug|Any CPU
		{75436F3F-8EC5-4958-8A08-7E0E6D3042EF}.Debug|Any CPU.Build.0 = Debug|Any CPU
		{75436F3F-8EC5-4958-8A08-7E0E6D3042EF}.Release|Any CPU.ActiveCfg = Release|Any CPU
		{75436F3F-8EC5-4958-8A08-7E0E6D3042EF}.Release|Any CPU.Build.0 = Release|Any CPU
		{E85A2F13-36F5-44C2-8119-21537A58F0E8}.Debug|Any CPU.ActiveCfg = Debug|Any CPU
		{E85A2F13-36F5-44C2-8119-21537A58F0E8}.Debug|Any CPU.Build.0 = Debug|Any CPU
		{E85A2F13-36F5-44C2-8119-21537A58F0E8}.Release|Any CPU.ActiveCfg = Release|Any CPU
		{E85A2F13-36F5-44C2-8119-21537A58F0E8}.Release|Any CPU.Build.0 = Release|Any CPU
		{72F6C6F9-5CD3-4EA4-8AE0-998E865EF288}.Debug|Any CPU.ActiveCfg = Debug|Any CPU
		{72F6C6F9-5CD3-4EA4-8AE0-998E865EF288}.Debug|Any CPU.Build.0 = Debug|Any CPU
		{72F6C6F9-5CD3-4EA4-8AE0-998E865EF288}.Release|Any CPU.ActiveCfg = Release|Any CPU
		{72F6C6F9-5CD3-4EA4-8AE0-998E865EF288}.Release|Any CPU.Build.0 = Release|Any CPU
		{A896F5A8-E16F-431B-9CB2-92A5F3044ABF}.Debug|Any CPU.ActiveCfg = Debug|Any CPU
		{A896F5A8-E16F-431B-9CB2-92A5F3044ABF}.Debug|Any CPU.Build.0 = Debug|Any CPU
		{A896F5A8-E16F-431B-9CB2-92A5F3044ABF}.Release|Any CPU.ActiveCfg = Release|Any CPU
		{A896F5A8-E16F-431B-9CB2-92A5F3044ABF}.Release|Any CPU.Build.0 = Release|Any CPU
		{2ECA8624-7FC0-45F7-B336-A7A33F5C587A}.Debug|Any CPU.ActiveCfg = Debug|Any CPU
		{2ECA8624-7FC0-45F7-B336-A7A33F5C587A}.Debug|Any CPU.Build.0 = Debug|Any CPU
		{2ECA8624-7FC0-45F7-B336-A7A33F5C587A}.Release|Any CPU.ActiveCfg = Release|Any CPU
		{2ECA8624-7FC0-45F7-B336-A7A33F5C587A}.Release|Any CPU.Build.0 = Release|Any CPU
		{27828C74-EABD-4795-8319-C01975BED350}.Debug|Any CPU.ActiveCfg = Debug|Any CPU
		{27828C74-EABD-4795-8319-C01975BED350}.Debug|Any CPU.Build.0 = Debug|Any CPU
		{27828C74-EABD-4795-8319-C01975BED350}.Release|Any CPU.ActiveCfg = Release|Any CPU
		{27828C74-EABD-4795-8319-C01975BED350}.Release|Any CPU.Build.0 = Release|Any CPU
		{0FA5785F-E27E-44F6-867C-4647AC126B98}.Debug|Any CPU.ActiveCfg = Debug|Any CPU
		{0FA5785F-E27E-44F6-867C-4647AC126B98}.Debug|Any CPU.Build.0 = Debug|Any CPU
		{0FA5785F-E27E-44F6-867C-4647AC126B98}.Release|Any CPU.ActiveCfg = Release|Any CPU
		{0FA5785F-E27E-44F6-867C-4647AC126B98}.Release|Any CPU.Build.0 = Release|Any CPU
		{2D0E0A68-D952-4E07-B9A7-08992A47C5A4}.Debug|Any CPU.ActiveCfg = Debug|Any CPU
		{2D0E0A68-D952-4E07-B9A7-08992A47C5A4}.Debug|Any CPU.Build.0 = Debug|Any CPU
		{2D0E0A68-D952-4E07-B9A7-08992A47C5A4}.Release|Any CPU.ActiveCfg = Release|Any CPU
		{2D0E0A68-D952-4E07-B9A7-08992A47C5A4}.Release|Any CPU.Build.0 = Release|Any CPU
		{BBCE2A80-C6FA-4DC7-8067-D4F8BD834C01}.Debug|Any CPU.ActiveCfg = Debug|Any CPU
		{BBCE2A80-C6FA-4DC7-8067-D4F8BD834C01}.Debug|Any CPU.Build.0 = Debug|Any CPU
		{BBCE2A80-C6FA-4DC7-8067-D4F8BD834C01}.Release|Any CPU.ActiveCfg = Release|Any CPU
		{BBCE2A80-C6FA-4DC7-8067-D4F8BD834C01}.Release|Any CPU.Build.0 = Release|Any CPU
		{B707E7EC-D709-4CA3-92F0-F6ACF7E63CA6}.Debug|Any CPU.ActiveCfg = Debug|Any CPU
		{B707E7EC-D709-4CA3-92F0-F6ACF7E63CA6}.Debug|Any CPU.Build.0 = Debug|Any CPU
		{B707E7EC-D709-4CA3-92F0-F6ACF7E63CA6}.Release|Any CPU.ActiveCfg = Release|Any CPU
		{B707E7EC-D709-4CA3-92F0-F6ACF7E63CA6}.Release|Any CPU.Build.0 = Release|Any CPU
	EndGlobalSection
	GlobalSection(SolutionProperties) = preSolution
		HideSolutionNode = FALSE
	EndGlobalSection
EndGlobal
